
Microsoft Visual Studio Solution File, Format Version 12.00
# Visual Studio Version 17
VisualStudioVersion = 17.4.33403.182
MinimumVisualStudioVersion = 10.0.40219.1
Project("{FAE04EC0-301F-11D3-BF4B-00C04F79EFBC}") = "rosalinds_dictionary", "rosalinds_dictionary\rosalinds_dictionary.csproj", "{02AB68B7-CBAD-492B-801D-FB2B9A9641FF}"
EndProject
Project("{FAE04EC0-301F-11D3-BF4B-00C04F79EFBC}") = "TestProject1", "TestProject1\TestProject1.csproj", "{67CF400F-F059-4143-80D0-8E5AADE6C099}"
EndProject
Global
	GlobalSection(SolutionConfigurationPlatforms) = preSolution
		Debug|Any CPU = Debug|Any CPU
		Release|Any CPU = Release|Any CPU
	EndGlobalSection
	GlobalSection(ProjectConfigurationPlatforms) = postSolution
		{02AB68B7-CBAD-492B-801D-FB2B9A9641FF}.Debug|Any CPU.ActiveCfg = Debug|Any CPU
		{02AB68B7-CBAD-492B-801D-FB2B9A9641FF}.Debug|Any CPU.Build.0 = Debug|Any CPU
		{02AB68B7-CBAD-492B-801D-FB2B9A9641FF}.Release|Any CPU.ActiveCfg = Release|Any CPU
		{02AB68B7-CBAD-492B-801D-FB2B9A9641FF}.Release|Any CPU.Build.0 = Release|Any CPU
		{67CF400F-F059-4143-80D0-8E5AADE6C099}.Debug|Any CPU.ActiveCfg = Debug|Any CPU
		{67CF400F-F059-4143-80D0-8E5AADE6C099}.Debug|Any CPU.Build.0 = Debug|Any CPU
		{67CF400F-F059-4143-80D0-8E5AADE6C099}.Release|Any CPU.ActiveCfg = Release|Any CPU
		{67CF400F-F059-4143-80D0-8E5AADE6C099}.Release|Any CPU.Build.0 = Release|Any CPU
	EndGlobalSection
	GlobalSection(SolutionProperties) = preSolution
		HideSolutionNode = FALSE
	EndGlobalSection
	GlobalSection(ExtensibilityGlobals) = postSolution
		SolutionGuid = {BDE64D95-3287-4A50-9433-D03CBB6E2478}
	EndGlobalSection
EndGlobal
